
Microsoft Visual Studio Solution File, Format Version 12.00
# Visual Studio Version 17
VisualStudioVersion = 17.10.35027.167
MinimumVisualStudioVersion = 10.0.40219.1
Project("{FAE04EC0-301F-11D3-BF4B-00C04F79EFBC}") = "CoffeManagement", "CoffeManagement\CoffeManagement.csproj", "{F8634E1B-892A-412A-A23F-92145DA1A035}"
EndProject
Global
	GlobalSection(SolutionConfigurationPlatforms) = preSolution
		Debug|Any CPU = Debug|Any CPU
		Release|Any CPU = Release|Any CPU
	EndGlobalSection
	GlobalSection(ProjectConfigurationPlatforms) = postSolution
		{F8634E1B-892A-412A-A23F-92145DA1A035}.Debug|Any CPU.ActiveCfg = Debug|Any CPU
		{F8634E1B-892A-412A-A23F-92145DA1A035}.Debug|Any CPU.Build.0 = Debug|Any CPU
		{F8634E1B-892A-412A-A23F-92145DA1A035}.Release|Any CPU.ActiveCfg = Release|Any CPU
		{F8634E1B-892A-412A-A23F-92145DA1A035}.Release|Any CPU.Build.0 = Release|Any CPU
	EndGlobalSection
	GlobalSection(SolutionProperties) = preSolution
		HideSolutionNode = FALSE
	EndGlobalSection
	GlobalSection(ExtensibilityGlobals) = postSolution
		SolutionGuid = {ECCE4869-BB36-439C-93A9-21FACAE79899}
	EndGlobalSection
EndGlobal
